
Microsoft Visual Studio Solution File, Format Version 12.00
Project("{FAE04EC0-301F-11D3-BF4B-00C04F79EFBC}") = "ChatServer", "ChatServer\ChatServer.csproj", "{CA1CC840-340D-4125-9723-14A1A416E3B6}"
EndProject
Project("{FAE04EC0-301F-11D3-BF4B-00C04F79EFBC}") = "WPFFrontendChatClient", "WPFFrontendChatClient\WPFFrontendChatClient.csproj", "{238DFD5E-4FED-4A43-836F-6A45D8E00C72}"
EndProject
Project("{FAE04EC0-301F-11D3-BF4B-00C04F79EFBC}") = "Models", "Models\Models.csproj", "{DC724E5B-FA96-4844-82AA-C6E5F4BAD39D}"
EndProject
Global
	GlobalSection(SolutionConfigurationPlatforms) = preSolution
		Debug|Any CPU = Debug|Any CPU
		Release|Any CPU = Release|Any CPU
	EndGlobalSection
	GlobalSection(ProjectConfigurationPlatforms) = postSolution
		{CA1CC840-340D-4125-9723-14A1A416E3B6}.Debug|Any CPU.ActiveCfg = Debug|Any CPU
		{CA1CC840-340D-4125-9723-14A1A416E3B6}.Debug|Any CPU.Build.0 = Debug|Any CPU
		{CA1CC840-340D-4125-9723-14A1A416E3B6}.Release|Any CPU.ActiveCfg = Release|Any CPU
		{CA1CC840-340D-4125-9723-14A1A416E3B6}.Release|Any CPU.Build.0 = Release|Any CPU
		{238DFD5E-4FED-4A43-836F-6A45D8E00C72}.Debug|Any CPU.ActiveCfg = Debug|Any CPU
		{238DFD5E-4FED-4A43-836F-6A45D8E00C72}.Debug|Any CPU.Build.0 = Debug|Any CPU
		{238DFD5E-4FED-4A43-836F-6A45D8E00C72}.Release|Any CPU.ActiveCfg = Release|Any CPU
		{238DFD5E-4FED-4A43-836F-6A45D8E00C72}.Release|Any CPU.Build.0 = Release|Any CPU
		{DC724E5B-FA96-4844-82AA-C6E5F4BAD39D}.Debug|Any CPU.ActiveCfg = Debug|Any CPU
		{DC724E5B-FA96-4844-82AA-C6E5F4BAD39D}.Debug|Any CPU.Build.0 = Debug|Any CPU
		{DC724E5B-FA96-4844-82AA-C6E5F4BAD39D}.Release|Any CPU.ActiveCfg = Release|Any CPU
		{DC724E5B-FA96-4844-82AA-C6E5F4BAD39D}.Release|Any CPU.Build.0 = Release|Any CPU
	EndGlobalSection
EndGlobal
